// !$*UTF8*$!
{
	archiveVersion = 1;
	classes = {
	};
	objectVersion = 46;
	objects = {

/* Begin PBXBuildFile section */
		DA0DD89C1F31BC9C00416327 /* Model.swift in Sources */ = {isa = PBXBuildFile; fileRef = DA0DD89B1F31BC9C00416327 /* Model.swift */; };
		DA0DD89E1F31BDD800416327 /* ModelProtocol.swift in Sources */ = {isa = PBXBuildFile; fileRef = DA0DD89D1F31BDD800416327 /* ModelProtocol.swift */; };
		DA0DD8A01F31C0D100416327 /* GifView.swift in Sources */ = {isa = PBXBuildFile; fileRef = DA0DD89F1F31C0D100416327 /* GifView.swift */; };
		DA0DD8A21F31C24900416327 /* GifModel.swift in Sources */ = {isa = PBXBuildFile; fileRef = DA0DD8A11F31C24900416327 /* GifModel.swift */; };
		DA0DD8A91F31D1A800416327 /* GifStrategy.swift in Sources */ = {isa = PBXBuildFile; fileRef = DA0DD8A81F31D1A800416327 /* GifStrategy.swift */; };
		DA0DD8AB1F31D1C800416327 /* GifStrategyStand.swift in Sources */ = {isa = PBXBuildFile; fileRef = DA0DD8AA1F31D1C800416327 /* GifStrategyStand.swift */; };
		DA0DD8AD1F31D47200416327 /* GifViewAnimation.swift in Sources */ = {isa = PBXBuildFile; fileRef = DA0DD8AC1F31D47200416327 /* GifViewAnimation.swift */; };
		DA0DD8AF1F31D6DC00416327 /* GifViewStrategy.swift in Sources */ = {isa = PBXBuildFile; fileRef = DA0DD8AE1F31D6DC00416327 /* GifViewStrategy.swift */; };
		DA0DD8B11F31D74B00416327 /* GifStrategyLoad.swift in Sources */ = {isa = PBXBuildFile; fileRef = DA0DD8B01F31D74B00416327 /* GifStrategyLoad.swift */; };
		DA0DD8B31F31D78400416327 /* GifStrategyAnimate.swift in Sources */ = {isa = PBXBuildFile; fileRef = DA0DD8B21F31D78400416327 /* GifStrategyAnimate.swift */; };
		DA0DD8B51F31D7A100416327 /* GifStrategyPause.swift in Sources */ = {isa = PBXBuildFile; fileRef = DA0DD8B41F31D7A100416327 /* GifStrategyPause.swift */; };
		DA0DD8B71F31D91900416327 /* GifViewOverrides.swift in Sources */ = {isa = PBXBuildFile; fileRef = DA0DD8B61F31D91900416327 /* GifViewOverrides.swift */; };
		DA0DD8B91F31E13000416327 /* GifViewDraw.swift in Sources */ = {isa = PBXBuildFile; fileRef = DA0DD8B81F31E13000416327 /* GifViewDraw.swift */; };
		DA0DD8BB1F31E5BC00416327 /* GifModelLoader.swift in Sources */ = {isa = PBXBuildFile; fileRef = DA0DD8BA1F31E5BC00416327 /* GifModelLoader.swift */; };
		DA0DD8BD1F31E6CB00416327 /* GifModelLoaderFactory.swift in Sources */ = {isa = PBXBuildFile; fileRef = DA0DD8BC1F31E6CB00416327 /* GifModelLoaderFactory.swift */; };
		DA0DD8BF1F31EB7500416327 /* CGImageSourceExtension.swift in Sources */ = {isa = PBXBuildFile; fileRef = DA0DD8BE1F31EB7500416327 /* CGImageSourceExtension.swift */; };
		DA0DD8C11F31EF6900416327 /* GifModelFrame.swift in Sources */ = {isa = PBXBuildFile; fileRef = DA0DD8C01F31EF6900416327 /* GifModelFrame.swift */; };
		DA0DD8C31F31F41300416327 /* GifModelLoaderResizer.swift in Sources */ = {isa = PBXBuildFile; fileRef = DA0DD8C21F31F41300416327 /* GifModelLoaderResizer.swift */; };
		DA0DD8C71F31F5C400416327 /* CGImageExtension.swift in Sources */ = {isa = PBXBuildFile; fileRef = DA0DD8C61F31F5C400416327 /* CGImageExtension.swift */; };
		DA1E2EDB1F31B4480056EC81 /* AppDelegate.swift in Sources */ = {isa = PBXBuildFile; fileRef = DA1E2EDA1F31B4480056EC81 /* AppDelegate.swift */; };
		DA1E2EDD1F31B69D0056EC81 /* Controller.swift in Sources */ = {isa = PBXBuildFile; fileRef = DA1E2EDC1F31B69D0056EC81 /* Controller.swift */; };
		DA1E2EDF1F31B7020056EC81 /* View.swift in Sources */ = {isa = PBXBuildFile; fileRef = DA1E2EDE1F31B7020056EC81 /* View.swift */; };
		DA1E2EE11F31B8120056EC81 /* LaunchScreen.storyboard in Resources */ = {isa = PBXBuildFile; fileRef = DA1E2EE01F31B8120056EC81 /* LaunchScreen.storyboard */; };
		DA1E2EE31F31BC150056EC81 /* ViewCell.swift in Sources */ = {isa = PBXBuildFile; fileRef = DA1E2EE21F31BC150056EC81 /* ViewCell.swift */; };
		DA273CE01F32774F0093F2D4 /* GifViewRenderMode.swift in Sources */ = {isa = PBXBuildFile; fileRef = DA273CDF1F32774F0093F2D4 /* GifViewRenderMode.swift */; };
		DA273CE21F3279B70093F2D4 /* GifModelRenderModeProtocol.swift in Sources */ = {isa = PBXBuildFile; fileRef = DA273CE11F3279B70093F2D4 /* GifModelRenderModeProtocol.swift */; };
		DA273CE41F327A070093F2D4 /* GifModelRenderModeBetterQuality.swift in Sources */ = {isa = PBXBuildFile; fileRef = DA273CE31F327A070093F2D4 /* GifModelRenderModeBetterQuality.swift */; };
		DA273CE61F327A390093F2D4 /* GifModelRenderModeBetterPerformance.swift in Sources */ = {isa = PBXBuildFile; fileRef = DA273CE51F327A390093F2D4 /* GifModelRenderModeBetterPerformance.swift */; };
		DA273CE81F327A5D0093F2D4 /* GifModelRenderModeHalf.swift in Sources */ = {isa = PBXBuildFile; fileRef = DA273CE71F327A5D0093F2D4 /* GifModelRenderModeHalf.swift */; };
		DA273CEA1F327BA70093F2D4 /* GifModelFactory.swift in Sources */ = {isa = PBXBuildFile; fileRef = DA273CE91F327BA70093F2D4 /* GifModelFactory.swift */; };
		DA273CEE1F3280E80093F2D4 /* CGSizeExtension.swift in Sources */ = {isa = PBXBuildFile; fileRef = DA273CED1F3280E80093F2D4 /* CGSizeExtension.swift */; };
		DA273CF61F328BAC0093F2D4 /* assetPigIceCream.gif in Resources */ = {isa = PBXBuildFile; fileRef = DA273CF41F328BAC0093F2D4 /* assetPigIceCream.gif */; };
		DA273CF71F328BAC0093F2D4 /* assetPigJump.gif in Resources */ = {isa = PBXBuildFile; fileRef = DA273CF51F328BAC0093F2D4 /* assetPigJump.gif */; };
		DA273CFB1F328CA50093F2D4 /* ModelUrl.swift in Sources */ = {isa = PBXBuildFile; fileRef = DA273CFA1F328CA50093F2D4 /* ModelUrl.swift */; };
		DA273CFD1F328CAC0093F2D4 /* ModelName.swift in Sources */ = {isa = PBXBuildFile; fileRef = DA273CFC1F328CAC0093F2D4 /* ModelName.swift */; };
		DA273CFF1F32951E0093F2D4 /* GifModelResize.swift in Sources */ = {isa = PBXBuildFile; fileRef = DA273CFE1F32951E0093F2D4 /* GifModelResize.swift */; };
		DA273D011F3299800093F2D4 /* GifViewUpdater.swift in Sources */ = {isa = PBXBuildFile; fileRef = DA273D001F3299800093F2D4 /* GifViewUpdater.swift */; };
		DA7129601F32E4AC0003E9E8 /* assetPigCat.gif in Resources */ = {isa = PBXBuildFile; fileRef = DA71295D1F32E4AC0003E9E8 /* assetPigCat.gif */; };
		DA7129611F32E4AC0003E9E8 /* assetPigSmile.gif in Resources */ = {isa = PBXBuildFile; fileRef = DA71295E1F32E4AC0003E9E8 /* assetPigSmile.gif */; };
		DA7129621F32E4AC0003E9E8 /* assetPigWalk.gif in Resources */ = {isa = PBXBuildFile; fileRef = DA71295F1F32E4AC0003E9E8 /* assetPigWalk.gif */; };
		DA7129641F32E5700003E9E8 /* ModelFill.swift in Sources */ = {isa = PBXBuildFile; fileRef = DA7129631F32E5700003E9E8 /* ModelFill.swift */; };
		DA7129661F32E5A30003E9E8 /* ModelFit.swift in Sources */ = {isa = PBXBuildFile; fileRef = DA7129651F32E5A30003E9E8 /* ModelFit.swift */; };
		DA7129681F32E65E0003E9E8 /* ModelPerformance.swift in Sources */ = {isa = PBXBuildFile; fileRef = DA7129671F32E65E0003E9E8 /* ModelPerformance.swift */; };
		DA71296A1F32E6B20003E9E8 /* ModelHalf.swift in Sources */ = {isa = PBXBuildFile; fileRef = DA7129691F32E6B20003E9E8 /* ModelHalf.swift */; };
		DA71296C1F32E6E60003E9E8 /* ModelQuality.swift in Sources */ = {isa = PBXBuildFile; fileRef = DA71296B1F32E6E60003E9E8 /* ModelQuality.swift */; };
/* End PBXBuildFile section */

/* Begin PBXFileReference section */
		DA0DD89B1F31BC9C00416327 /* Model.swift */ = {isa = PBXFileReference; fileEncoding = 4; lastKnownFileType = sourcecode.swift; path = Model.swift; sourceTree = "<group>"; };
		DA0DD89D1F31BDD800416327 /* ModelProtocol.swift */ = {isa = PBXFileReference; fileEncoding = 4; lastKnownFileType = sourcecode.swift; path = ModelProtocol.swift; sourceTree = "<group>"; };
		DA0DD89F1F31C0D100416327 /* GifView.swift */ = {isa = PBXFileReference; fileEncoding = 4; lastKnownFileType = sourcecode.swift; path = GifView.swift; sourceTree = "<group>"; };
		DA0DD8A11F31C24900416327 /* GifModel.swift */ = {isa = PBXFileReference; fileEncoding = 4; lastKnownFileType = sourcecode.swift; path = GifModel.swift; sourceTree = "<group>"; };
		DA0DD8A81F31D1A800416327 /* GifStrategy.swift */ = {isa = PBXFileReference; fileEncoding = 4; lastKnownFileType = sourcecode.swift; path = GifStrategy.swift; sourceTree = "<group>"; };
		DA0DD8AA1F31D1C800416327 /* GifStrategyStand.swift */ = {isa = PBXFileReference; fileEncoding = 4; lastKnownFileType = sourcecode.swift; path = GifStrategyStand.swift; sourceTree = "<group>"; };
		DA0DD8AC1F31D47200416327 /* GifViewAnimation.swift */ = {isa = PBXFileReference; fileEncoding = 4; lastKnownFileType = sourcecode.swift; path = GifViewAnimation.swift; sourceTree = "<group>"; };
		DA0DD8AE1F31D6DC00416327 /* GifViewStrategy.swift */ = {isa = PBXFileReference; fileEncoding = 4; lastKnownFileType = sourcecode.swift; path = GifViewStrategy.swift; sourceTree = "<group>"; };
		DA0DD8B01F31D74B00416327 /* GifStrategyLoad.swift */ = {isa = PBXFileReference; fileEncoding = 4; lastKnownFileType = sourcecode.swift; path = GifStrategyLoad.swift; sourceTree = "<group>"; };
		DA0DD8B21F31D78400416327 /* GifStrategyAnimate.swift */ = {isa = PBXFileReference; fileEncoding = 4; lastKnownFileType = sourcecode.swift; path = GifStrategyAnimate.swift; sourceTree = "<group>"; };
		DA0DD8B41F31D7A100416327 /* GifStrategyPause.swift */ = {isa = PBXFileReference; fileEncoding = 4; lastKnownFileType = sourcecode.swift; path = GifStrategyPause.swift; sourceTree = "<group>"; };
		DA0DD8B61F31D91900416327 /* GifViewOverrides.swift */ = {isa = PBXFileReference; fileEncoding = 4; lastKnownFileType = sourcecode.swift; path = GifViewOverrides.swift; sourceTree = "<group>"; };
		DA0DD8B81F31E13000416327 /* GifViewDraw.swift */ = {isa = PBXFileReference; fileEncoding = 4; lastKnownFileType = sourcecode.swift; path = GifViewDraw.swift; sourceTree = "<group>"; };
		DA0DD8BA1F31E5BC00416327 /* GifModelLoader.swift */ = {isa = PBXFileReference; fileEncoding = 4; lastKnownFileType = sourcecode.swift; path = GifModelLoader.swift; sourceTree = "<group>"; };
		DA0DD8BC1F31E6CB00416327 /* GifModelLoaderFactory.swift */ = {isa = PBXFileReference; fileEncoding = 4; lastKnownFileType = sourcecode.swift; path = GifModelLoaderFactory.swift; sourceTree = "<group>"; };
		DA0DD8BE1F31EB7500416327 /* CGImageSourceExtension.swift */ = {isa = PBXFileReference; fileEncoding = 4; lastKnownFileType = sourcecode.swift; path = CGImageSourceExtension.swift; sourceTree = "<group>"; };
		DA0DD8C01F31EF6900416327 /* GifModelFrame.swift */ = {isa = PBXFileReference; fileEncoding = 4; lastKnownFileType = sourcecode.swift; path = GifModelFrame.swift; sourceTree = "<group>"; };
		DA0DD8C21F31F41300416327 /* GifModelLoaderResizer.swift */ = {isa = PBXFileReference; fileEncoding = 4; lastKnownFileType = sourcecode.swift; path = GifModelLoaderResizer.swift; sourceTree = "<group>"; };
		DA0DD8C61F31F5C400416327 /* CGImageExtension.swift */ = {isa = PBXFileReference; fileEncoding = 4; lastKnownFileType = sourcecode.swift; path = CGImageExtension.swift; sourceTree = "<group>"; };
		DA1E2EDA1F31B4480056EC81 /* AppDelegate.swift */ = {isa = PBXFileReference; fileEncoding = 4; lastKnownFileType = sourcecode.swift; path = AppDelegate.swift; sourceTree = "<group>"; };
		DA1E2EDC1F31B69D0056EC81 /* Controller.swift */ = {isa = PBXFileReference; fileEncoding = 4; lastKnownFileType = sourcecode.swift; path = Controller.swift; sourceTree = "<group>"; };
		DA1E2EDE1F31B7020056EC81 /* View.swift */ = {isa = PBXFileReference; fileEncoding = 4; lastKnownFileType = sourcecode.swift; path = View.swift; sourceTree = "<group>"; };
		DA1E2EE01F31B8120056EC81 /* LaunchScreen.storyboard */ = {isa = PBXFileReference; fileEncoding = 4; lastKnownFileType = file.storyboard; path = LaunchScreen.storyboard; sourceTree = "<group>"; };
		DA1E2EE21F31BC150056EC81 /* ViewCell.swift */ = {isa = PBXFileReference; fileEncoding = 4; lastKnownFileType = sourcecode.swift; path = ViewCell.swift; sourceTree = "<group>"; };
		DA273CDF1F32774F0093F2D4 /* GifViewRenderMode.swift */ = {isa = PBXFileReference; fileEncoding = 4; lastKnownFileType = sourcecode.swift; path = GifViewRenderMode.swift; sourceTree = "<group>"; };
		DA273CE11F3279B70093F2D4 /* GifModelRenderModeProtocol.swift */ = {isa = PBXFileReference; fileEncoding = 4; lastKnownFileType = sourcecode.swift; path = GifModelRenderModeProtocol.swift; sourceTree = "<group>"; };
		DA273CE31F327A070093F2D4 /* GifModelRenderModeBetterQuality.swift */ = {isa = PBXFileReference; fileEncoding = 4; lastKnownFileType = sourcecode.swift; path = GifModelRenderModeBetterQuality.swift; sourceTree = "<group>"; };
		DA273CE51F327A390093F2D4 /* GifModelRenderModeBetterPerformance.swift */ = {isa = PBXFileReference; fileEncoding = 4; lastKnownFileType = sourcecode.swift; path = GifModelRenderModeBetterPerformance.swift; sourceTree = "<group>"; };
		DA273CE71F327A5D0093F2D4 /* GifModelRenderModeHalf.swift */ = {isa = PBXFileReference; fileEncoding = 4; lastKnownFileType = sourcecode.swift; path = GifModelRenderModeHalf.swift; sourceTree = "<group>"; };
		DA273CE91F327BA70093F2D4 /* GifModelFactory.swift */ = {isa = PBXFileReference; fileEncoding = 4; lastKnownFileType = sourcecode.swift; path = GifModelFactory.swift; sourceTree = "<group>"; };
		DA273CED1F3280E80093F2D4 /* CGSizeExtension.swift */ = {isa = PBXFileReference; fileEncoding = 4; lastKnownFileType = sourcecode.swift; path = CGSizeExtension.swift; sourceTree = "<group>"; };
		DA273CF41F328BAC0093F2D4 /* assetPigIceCream.gif */ = {isa = PBXFileReference; lastKnownFileType = image.gif; path = assetPigIceCream.gif; sourceTree = "<group>"; };
		DA273CF51F328BAC0093F2D4 /* assetPigJump.gif */ = {isa = PBXFileReference; lastKnownFileType = image.gif; path = assetPigJump.gif; sourceTree = "<group>"; };
		DA273CFA1F328CA50093F2D4 /* ModelUrl.swift */ = {isa = PBXFileReference; fileEncoding = 4; lastKnownFileType = sourcecode.swift; path = ModelUrl.swift; sourceTree = "<group>"; };
		DA273CFC1F328CAC0093F2D4 /* ModelName.swift */ = {isa = PBXFileReference; fileEncoding = 4; lastKnownFileType = sourcecode.swift; path = ModelName.swift; sourceTree = "<group>"; };
		DA273CFE1F32951E0093F2D4 /* GifModelResize.swift */ = {isa = PBXFileReference; fileEncoding = 4; lastKnownFileType = sourcecode.swift; path = GifModelResize.swift; sourceTree = "<group>"; };
		DA273D001F3299800093F2D4 /* GifViewUpdater.swift */ = {isa = PBXFileReference; fileEncoding = 4; lastKnownFileType = sourcecode.swift; path = GifViewUpdater.swift; sourceTree = "<group>"; };
		DA71295D1F32E4AC0003E9E8 /* assetPigCat.gif */ = {isa = PBXFileReference; lastKnownFileType = image.gif; path = assetPigCat.gif; sourceTree = "<group>"; };
		DA71295E1F32E4AC0003E9E8 /* assetPigSmile.gif */ = {isa = PBXFileReference; lastKnownFileType = image.gif; path = assetPigSmile.gif; sourceTree = "<group>"; };
		DA71295F1F32E4AC0003E9E8 /* assetPigWalk.gif */ = {isa = PBXFileReference; lastKnownFileType = image.gif; path = assetPigWalk.gif; sourceTree = "<group>"; };
		DA7129631F32E5700003E9E8 /* ModelFill.swift */ = {isa = PBXFileReference; fileEncoding = 4; lastKnownFileType = sourcecode.swift; path = ModelFill.swift; sourceTree = "<group>"; };
		DA7129651F32E5A30003E9E8 /* ModelFit.swift */ = {isa = PBXFileReference; fileEncoding = 4; lastKnownFileType = sourcecode.swift; path = ModelFit.swift; sourceTree = "<group>"; };
		DA7129671F32E65E0003E9E8 /* ModelPerformance.swift */ = {isa = PBXFileReference; fileEncoding = 4; lastKnownFileType = sourcecode.swift; path = ModelPerformance.swift; sourceTree = "<group>"; };
		DA7129691F32E6B20003E9E8 /* ModelHalf.swift */ = {isa = PBXFileReference; fileEncoding = 4; lastKnownFileType = sourcecode.swift; path = ModelHalf.swift; sourceTree = "<group>"; };
		DA71296B1F32E6E60003E9E8 /* ModelQuality.swift */ = {isa = PBXFileReference; fileEncoding = 4; lastKnownFileType = sourcecode.swift; path = ModelQuality.swift; sourceTree = "<group>"; };
		DACB74EB1F31A6C3008AA8C8 /* gifhero.app */ = {isa = PBXFileReference; explicitFileType = wrapper.application; includeInIndex = 0; path = gifhero.app; sourceTree = BUILT_PRODUCTS_DIR; };
		DACB74FA1F31A6C3008AA8C8 /* Info.plist */ = {isa = PBXFileReference; lastKnownFileType = text.plist.xml; path = Info.plist; sourceTree = "<group>"; };
/* End PBXFileReference section */

/* Begin PBXFrameworksBuildPhase section */
		DACB74E81F31A6C3008AA8C8 /* Frameworks */ = {
			isa = PBXFrameworksBuildPhase;
			buildActionMask = 2147483647;
			files = (
			);
			runOnlyForDeploymentPostprocessing = 0;
		};
/* End PBXFrameworksBuildPhase section */

/* Begin PBXGroup section */
		DA0DD8A51F31D0B500416327 /* Strategy */ = {
			isa = PBXGroup;
			children = (
				DA0DD8A81F31D1A800416327 /* GifStrategy.swift */,
				DA0DD8AA1F31D1C800416327 /* GifStrategyStand.swift */,
				DA0DD8B01F31D74B00416327 /* GifStrategyLoad.swift */,
				DA0DD8B21F31D78400416327 /* GifStrategyAnimate.swift */,
				DA0DD8B41F31D7A100416327 /* GifStrategyPause.swift */,
			);
			path = Strategy;
			sourceTree = "<group>";
		};
		DA1E2ECE1F31B25C0056EC81 /* Demo */ = {
			isa = PBXGroup;
			children = (
				DA1E2ECF1F31B25C0056EC81 /* Controller */,
				DA1E2ED11F31B25C0056EC81 /* Model */,
				DA1E2ED31F31B25C0056EC81 /* View */,
				DA1E2ED01F31B25C0056EC81 /* Extensions */,
				DA1E2ED21F31B25C0056EC81 /* Resources */,
			);
			path = Demo;
			sourceTree = "<group>";
		};
		DA1E2ECF1F31B25C0056EC81 /* Controller */ = {
			isa = PBXGroup;
			children = (
				DA1E2EDA1F31B4480056EC81 /* AppDelegate.swift */,
				DA1E2EDC1F31B69D0056EC81 /* Controller.swift */,
			);
			path = Controller;
			sourceTree = "<group>";
		};
		DA1E2ED01F31B25C0056EC81 /* Extensions */ = {
			isa = PBXGroup;
			children = (
			);
			path = Extensions;
			sourceTree = "<group>";
		};
		DA1E2ED11F31B25C0056EC81 /* Model */ = {
			isa = PBXGroup;
			children = (
				DA0DD89B1F31BC9C00416327 /* Model.swift */,
				DA0DD89D1F31BDD800416327 /* ModelProtocol.swift */,
				DA273CFA1F328CA50093F2D4 /* ModelUrl.swift */,
				DA273CFC1F328CAC0093F2D4 /* ModelName.swift */,
				DA7129631F32E5700003E9E8 /* ModelFill.swift */,
				DA7129651F32E5A30003E9E8 /* ModelFit.swift */,
				DA71296B1F32E6E60003E9E8 /* ModelQuality.swift */,
				DA7129671F32E65E0003E9E8 /* ModelPerformance.swift */,
				DA7129691F32E6B20003E9E8 /* ModelHalf.swift */,
			);
			path = Model;
			sourceTree = "<group>";
		};
		DA1E2ED21F31B25C0056EC81 /* Resources */ = {
			isa = PBXGroup;
			children = (
				DA273CEF1F328B110093F2D4 /* Gif */,
				DA1E2EE01F31B8120056EC81 /* LaunchScreen.storyboard */,
			);
			path = Resources;
			sourceTree = "<group>";
		};
		DA1E2ED31F31B25C0056EC81 /* View */ = {
			isa = PBXGroup;
			children = (
				DA1E2EDE1F31B7020056EC81 /* View.swift */,
				DA1E2EE21F31BC150056EC81 /* ViewCell.swift */,
			);
			path = View;
			sourceTree = "<group>";
		};
		DA1E2ED41F31B25C0056EC81 /* Source */ = {
			isa = PBXGroup;
			children = (
				DA1E2ED51F31B25C0056EC81 /* Extensions */,
				DA0DD8A51F31D0B500416327 /* Strategy */,
				DA1E2ED61F31B25C0056EC81 /* Model */,
				DA1E2ED71F31B25C0056EC81 /* View */,
			);
			path = Source;
			sourceTree = "<group>";
		};
		DA1E2ED51F31B25C0056EC81 /* Extensions */ = {
			isa = PBXGroup;
			children = (
				DA0DD8BE1F31EB7500416327 /* CGImageSourceExtension.swift */,
				DA0DD8C61F31F5C400416327 /* CGImageExtension.swift */,
				DA273CED1F3280E80093F2D4 /* CGSizeExtension.swift */,
			);
			path = Extensions;
			sourceTree = "<group>";
		};
		DA1E2ED61F31B25C0056EC81 /* Model */ = {
			isa = PBXGroup;
			children = (
				DA0DD8A11F31C24900416327 /* GifModel.swift */,
				DA273CE91F327BA70093F2D4 /* GifModelFactory.swift */,
				DA273CFE1F32951E0093F2D4 /* GifModelResize.swift */,
				DA0DD8C01F31EF6900416327 /* GifModelFrame.swift */,
				DA0DD8BA1F31E5BC00416327 /* GifModelLoader.swift */,
				DA0DD8BC1F31E6CB00416327 /* GifModelLoaderFactory.swift */,
				DA0DD8C21F31F41300416327 /* GifModelLoaderResizer.swift */,
				DA273CE11F3279B70093F2D4 /* GifModelRenderModeProtocol.swift */,
				DA273CE31F327A070093F2D4 /* GifModelRenderModeBetterQuality.swift */,
				DA273CE51F327A390093F2D4 /* GifModelRenderModeBetterPerformance.swift */,
				DA273CE71F327A5D0093F2D4 /* GifModelRenderModeHalf.swift */,
			);
			path = Model;
			sourceTree = "<group>";
		};
		DA1E2ED71F31B25C0056EC81 /* View */ = {
			isa = PBXGroup;
			children = (
				DA0DD89F1F31C0D100416327 /* GifView.swift */,
				DA273CDF1F32774F0093F2D4 /* GifViewRenderMode.swift */,
				DA0DD8B61F31D91900416327 /* GifViewOverrides.swift */,
				DA0DD8AC1F31D47200416327 /* GifViewAnimation.swift */,
				DA0DD8AE1F31D6DC00416327 /* GifViewStrategy.swift */,
				DA0DD8B81F31E13000416327 /* GifViewDraw.swift */,
				DA273D001F3299800093F2D4 /* GifViewUpdater.swift */,
			);
			path = View;
			sourceTree = "<group>";
		};
		DA273CEF1F328B110093F2D4 /* Gif */ = {
			isa = PBXGroup;
			children = (
				DA71295D1F32E4AC0003E9E8 /* assetPigCat.gif */,
				DA71295E1F32E4AC0003E9E8 /* assetPigSmile.gif */,
				DA71295F1F32E4AC0003E9E8 /* assetPigWalk.gif */,
				DA273CF41F328BAC0093F2D4 /* assetPigIceCream.gif */,
				DA273CF51F328BAC0093F2D4 /* assetPigJump.gif */,
			);
			path = Gif;
			sourceTree = "<group>";
		};
		DACB74E21F31A6C3008AA8C8 = {
			isa = PBXGroup;
			children = (
				DACB74ED1F31A6C3008AA8C8 /* gifhero */,
				DACB74EC1F31A6C3008AA8C8 /* Products */,
			);
			sourceTree = "<group>";
		};
		DACB74EC1F31A6C3008AA8C8 /* Products */ = {
			isa = PBXGroup;
			children = (
				DACB74EB1F31A6C3008AA8C8 /* gifhero.app */,
			);
			name = Products;
			sourceTree = "<group>";
		};
		DACB74ED1F31A6C3008AA8C8 /* gifhero */ = {
			isa = PBXGroup;
			children = (
				DA1E2ECE1F31B25C0056EC81 /* Demo */,
				DA1E2ED41F31B25C0056EC81 /* Source */,
				DACB74FA1F31A6C3008AA8C8 /* Info.plist */,
			);
			path = gifhero;
			sourceTree = "<group>";
		};
/* End PBXGroup section */

/* Begin PBXNativeTarget section */
		DACB74EA1F31A6C3008AA8C8 /* gifhero */ = {
			isa = PBXNativeTarget;
			buildConfigurationList = DACB74FD1F31A6C3008AA8C8 /* Build configuration list for PBXNativeTarget "gifhero" */;
			buildPhases = (
				DACB74E71F31A6C3008AA8C8 /* Sources */,
				DACB74E81F31A6C3008AA8C8 /* Frameworks */,
				DACB74E91F31A6C3008AA8C8 /* Resources */,
			);
			buildRules = (
			);
			dependencies = (
			);
			name = gifhero;
			productName = gifhero;
			productReference = DACB74EB1F31A6C3008AA8C8 /* gifhero.app */;
			productType = "com.apple.product-type.application";
		};
/* End PBXNativeTarget section */

/* Begin PBXProject section */
		DACB74E31F31A6C3008AA8C8 /* Project object */ = {
			isa = PBXProject;
			attributes = {
				LastSwiftUpdateCheck = 0830;
				LastUpgradeCheck = 0830;
				ORGANIZATIONNAME = iturbide;
				TargetAttributes = {
					DACB74EA1F31A6C3008AA8C8 = {
						CreatedOnToolsVersion = 8.3.3;
						DevelopmentTeam = 7AMWG3RLHN;
						LastSwiftMigration = 0830;
						ProvisioningStyle = Automatic;
					};
				};
			};
			buildConfigurationList = DACB74E61F31A6C3008AA8C8 /* Build configuration list for PBXProject "gifhero" */;
			compatibilityVersion = "Xcode 3.2";
			developmentRegion = English;
			hasScannedForEncodings = 0;
			knownRegions = (
				en,
			);
			mainGroup = DACB74E21F31A6C3008AA8C8;
			productRefGroup = DACB74EC1F31A6C3008AA8C8 /* Products */;
			projectDirPath = "";
			projectRoot = "";
			targets = (
				DACB74EA1F31A6C3008AA8C8 /* gifhero */,
			);
		};
/* End PBXProject section */

/* Begin PBXResourcesBuildPhase section */
		DACB74E91F31A6C3008AA8C8 /* Resources */ = {
			isa = PBXResourcesBuildPhase;
			buildActionMask = 2147483647;
			files = (
				DA7129611F32E4AC0003E9E8 /* assetPigSmile.gif in Resources */,
				DA7129621F32E4AC0003E9E8 /* assetPigWalk.gif in Resources */,
				DA273CF71F328BAC0093F2D4 /* assetPigJump.gif in Resources */,
				DA1E2EE11F31B8120056EC81 /* LaunchScreen.storyboard in Resources */,
				DA273CF61F328BAC0093F2D4 /* assetPigIceCream.gif in Resources */,
				DA7129601F32E4AC0003E9E8 /* assetPigCat.gif in Resources */,
			);
			runOnlyForDeploymentPostprocessing = 0;
		};
/* End PBXResourcesBuildPhase section */

/* Begin PBXSourcesBuildPhase section */
		DACB74E71F31A6C3008AA8C8 /* Sources */ = {
			isa = PBXSourcesBuildPhase;
			buildActionMask = 2147483647;
			files = (
				DA273CE01F32774F0093F2D4 /* GifViewRenderMode.swift in Sources */,
				DA7129661F32E5A30003E9E8 /* ModelFit.swift in Sources */,
				DA0DD8AB1F31D1C800416327 /* GifStrategyStand.swift in Sources */,
				DA273CEE1F3280E80093F2D4 /* CGSizeExtension.swift in Sources */,
				DA71296A1F32E6B20003E9E8 /* ModelHalf.swift in Sources */,
				DA273CFB1F328CA50093F2D4 /* ModelUrl.swift in Sources */,
				DA0DD8B51F31D7A100416327 /* GifStrategyPause.swift in Sources */,
				DA273CFF1F32951E0093F2D4 /* GifModelResize.swift in Sources */,
				DA0DD8AD1F31D47200416327 /* GifViewAnimation.swift in Sources */,
				DA0DD8C71F31F5C400416327 /* CGImageExtension.swift in Sources */,
				DA0DD8BB1F31E5BC00416327 /* GifModelLoader.swift in Sources */,
				DA273CE21F3279B70093F2D4 /* GifModelRenderModeProtocol.swift in Sources */,
				DA0DD8BD1F31E6CB00416327 /* GifModelLoaderFactory.swift in Sources */,
				DA7129641F32E5700003E9E8 /* ModelFill.swift in Sources */,
				DA7129681F32E65E0003E9E8 /* ModelPerformance.swift in Sources */,
				DA0DD8A21F31C24900416327 /* GifModel.swift in Sources */,
				DA0DD8C31F31F41300416327 /* GifModelLoaderResizer.swift in Sources */,
				DA0DD89C1F31BC9C00416327 /* Model.swift in Sources */,
				DA273CEA1F327BA70093F2D4 /* GifModelFactory.swift in Sources */,
				DA0DD8C11F31EF6900416327 /* GifModelFrame.swift in Sources */,
				DA0DD8B71F31D91900416327 /* GifViewOverrides.swift in Sources */,
				DA0DD8A91F31D1A800416327 /* GifStrategy.swift in Sources */,
				DA0DD8B91F31E13000416327 /* GifViewDraw.swift in Sources */,
				DA0DD8B31F31D78400416327 /* GifStrategyAnimate.swift in Sources */,
				DA71296C1F32E6E60003E9E8 /* ModelQuality.swift in Sources */,
				DA0DD89E1F31BDD800416327 /* ModelProtocol.swift in Sources */,
				DA1E2EE31F31BC150056EC81 /* ViewCell.swift in Sources */,
				DA1E2EDB1F31B4480056EC81 /* AppDelegate.swift in Sources */,
				DA273CE41F327A070093F2D4 /* GifModelRenderModeBetterQuality.swift in Sources */,
				DA0DD8BF1F31EB7500416327 /* CGImageSourceExtension.swift in Sources */,
				DA0DD8AF1F31D6DC00416327 /* GifViewStrategy.swift in Sources */,
				DA0DD8B11F31D74B00416327 /* GifStrategyLoad.swift in Sources */,
				DA0DD8A01F31C0D100416327 /* GifView.swift in Sources */,
				DA1E2EDD1F31B69D0056EC81 /* Controller.swift in Sources */,
				DA273CFD1F328CAC0093F2D4 /* ModelName.swift in Sources */,
				DA1E2EDF1F31B7020056EC81 /* View.swift in Sources */,
				DA273D011F3299800093F2D4 /* GifViewUpdater.swift in Sources */,
				DA273CE81F327A5D0093F2D4 /* GifModelRenderModeHalf.swift in Sources */,
				DA273CE61F327A390093F2D4 /* GifModelRenderModeBetterPerformance.swift in Sources */,
			);
			runOnlyForDeploymentPostprocessing = 0;
		};
/* End PBXSourcesBuildPhase section */

/* Begin XCBuildConfiguration section */
		DACB74FB1F31A6C3008AA8C8 /* Debug */ = {
			isa = XCBuildConfiguration;
			buildSettings = {
				ALWAYS_SEARCH_USER_PATHS = NO;
				CLANG_ANALYZER_NONNULL = YES;
				CLANG_ANALYZER_NUMBER_OBJECT_CONVERSION = YES_AGGRESSIVE;
				CLANG_CXX_LANGUAGE_STANDARD = "gnu++0x";
				CLANG_CXX_LIBRARY = "libc++";
				CLANG_ENABLE_MODULES = NO;
				CLANG_ENABLE_OBJC_ARC = YES;
				CLANG_WARN_BOOL_CONVERSION = YES;
				CLANG_WARN_CONSTANT_CONVERSION = YES;
				CLANG_WARN_DIRECT_OBJC_ISA_USAGE = YES_ERROR;
				CLANG_WARN_DOCUMENTATION_COMMENTS = YES;
				CLANG_WARN_EMPTY_BODY = YES;
				CLANG_WARN_ENUM_CONVERSION = YES;
				CLANG_WARN_INFINITE_RECURSION = YES;
				CLANG_WARN_INT_CONVERSION = YES;
				CLANG_WARN_OBJC_ROOT_CLASS = YES_ERROR;
				CLANG_WARN_SUSPICIOUS_MOVE = YES;
				CLANG_WARN_UNREACHABLE_CODE = YES;
				CLANG_WARN__DUPLICATE_METHOD_MATCH = YES;
				"CODE_SIGN_IDENTITY[sdk=iphoneos*]" = "iPhone Developer";
				COPY_PHASE_STRIP = NO;
				DEBUG_INFORMATION_FORMAT = dwarf;
				ENABLE_STRICT_OBJC_MSGSEND = YES;
				ENABLE_TESTABILITY = YES;
				GCC_C_LANGUAGE_STANDARD = gnu99;
				GCC_DYNAMIC_NO_PIC = NO;
				GCC_NO_COMMON_BLOCKS = YES;
				GCC_OPTIMIZATION_LEVEL = 0;
				GCC_PREPROCESSOR_DEFINITIONS = (
					"DEBUG=1",
					"$(inherited)",
				);
				GCC_WARN_64_TO_32_BIT_CONVERSION = YES;
				GCC_WARN_ABOUT_RETURN_TYPE = YES_ERROR;
				GCC_WARN_UNDECLARED_SELECTOR = YES;
				GCC_WARN_UNINITIALIZED_AUTOS = YES_AGGRESSIVE;
				GCC_WARN_UNUSED_FUNCTION = YES;
				GCC_WARN_UNUSED_VARIABLE = YES;
				IPHONEOS_DEPLOYMENT_TARGET = 9.0;
				MTL_ENABLE_DEBUG_INFO = YES;
				ONLY_ACTIVE_ARCH = YES;
				SDKROOT = iphoneos;
				SWIFT_ACTIVE_COMPILATION_CONDITIONS = DEBUG;
				SWIFT_INSTALL_OBJC_HEADER = NO;
				SWIFT_OPTIMIZATION_LEVEL = "-Onone";
				TARGETED_DEVICE_FAMILY = "1,2";
			};
			name = Debug;
		};
		DACB74FC1F31A6C3008AA8C8 /* Release */ = {
			isa = XCBuildConfiguration;
			buildSettings = {
				ALWAYS_SEARCH_USER_PATHS = NO;
				CLANG_ANALYZER_NONNULL = YES;
				CLANG_ANALYZER_NUMBER_OBJECT_CONVERSION = YES_AGGRESSIVE;
				CLANG_CXX_LANGUAGE_STANDARD = "gnu++0x";
				CLANG_CXX_LIBRARY = "libc++";
				CLANG_ENABLE_MODULES = NO;
				CLANG_ENABLE_OBJC_ARC = YES;
				CLANG_WARN_BOOL_CONVERSION = YES;
				CLANG_WARN_CONSTANT_CONVERSION = YES;
				CLANG_WARN_DIRECT_OBJC_ISA_USAGE = YES_ERROR;
				CLANG_WARN_DOCUMENTATION_COMMENTS = YES;
				CLANG_WARN_EMPTY_BODY = YES;
				CLANG_WARN_ENUM_CONVERSION = YES;
				CLANG_WARN_INFINITE_RECURSION = YES;
				CLANG_WARN_INT_CONVERSION = YES;
				CLANG_WARN_OBJC_ROOT_CLASS = YES_ERROR;
				CLANG_WARN_SUSPICIOUS_MOVE = YES;
				CLANG_WARN_UNREACHABLE_CODE = YES;
				CLANG_WARN__DUPLICATE_METHOD_MATCH = YES;
				"CODE_SIGN_IDENTITY[sdk=iphoneos*]" = "iPhone Developer";
				COPY_PHASE_STRIP = NO;
				DEBUG_INFORMATION_FORMAT = "dwarf-with-dsym";
				ENABLE_NS_ASSERTIONS = NO;
				ENABLE_STRICT_OBJC_MSGSEND = YES;
				GCC_C_LANGUAGE_STANDARD = gnu99;
				GCC_NO_COMMON_BLOCKS = YES;
				GCC_WARN_64_TO_32_BIT_CONVERSION = YES;
				GCC_WARN_ABOUT_RETURN_TYPE = YES_ERROR;
				GCC_WARN_UNDECLARED_SELECTOR = YES;
				GCC_WARN_UNINITIALIZED_AUTOS = YES_AGGRESSIVE;
				GCC_WARN_UNUSED_FUNCTION = YES;
				GCC_WARN_UNUSED_VARIABLE = YES;
				IPHONEOS_DEPLOYMENT_TARGET = 9.0;
				MTL_ENABLE_DEBUG_INFO = NO;
				SDKROOT = iphoneos;
				SWIFT_INSTALL_OBJC_HEADER = NO;
				SWIFT_OPTIMIZATION_LEVEL = "-Owholemodule";
				TARGETED_DEVICE_FAMILY = "1,2";
				VALIDATE_PRODUCT = YES;
			};
			name = Release;
		};
		DACB74FE1F31A6C3008AA8C8 /* Debug */ = {
			isa = XCBuildConfiguration;
			buildSettings = {
				CLANG_ENABLE_MODULES = YES;
				DEVELOPMENT_TEAM = 7AMWG3RLHN;
				INFOPLIST_FILE = gifhero/Info.plist;
				LD_RUNPATH_SEARCH_PATHS = "$(inherited) @executable_path/Frameworks";
				PRODUCT_BUNDLE_IDENTIFIER = "iturbide.-";
				PRODUCT_NAME = "$(TARGET_NAME)";
				SWIFT_OPTIMIZATION_LEVEL = "-Onone";
				SWIFT_VERSION = 3.0;
				TARGETED_DEVICE_FAMILY = "1,2";
			};
			name = Debug;
		};
		DACB74FF1F31A6C3008AA8C8 /* Release */ = {
			isa = XCBuildConfiguration;
			buildSettings = {
				CLANG_ENABLE_MODULES = YES;
				DEVELOPMENT_TEAM = 7AMWG3RLHN;
				INFOPLIST_FILE = gifhero/Info.plist;
				LD_RUNPATH_SEARCH_PATHS = "$(inherited) @executable_path/Frameworks";
				PRODUCT_BUNDLE_IDENTIFIER = "iturbide.-";
				PRODUCT_NAME = "$(TARGET_NAME)";
				SWIFT_VERSION = 3.0;
				TARGETED_DEVICE_FAMILY = "1,2";
			};
			name = Release;
		};
/* End XCBuildConfiguration section */

/* Begin XCConfigurationList section */
		DACB74E61F31A6C3008AA8C8 /* Build configuration list for PBXProject "gifhero" */ = {
			isa = XCConfigurationList;
			buildConfigurations = (
				DACB74FB1F31A6C3008AA8C8 /* Debug */,
				DACB74FC1F31A6C3008AA8C8 /* Release */,
			);
			defaultConfigurationIsVisible = 0;
			defaultConfigurationName = Release;
		};
		DACB74FD1F31A6C3008AA8C8 /* Build configuration list for PBXNativeTarget "gifhero" */ = {
			isa = XCConfigurationList;
			buildConfigurations = (
				DACB74FE1F31A6C3008AA8C8 /* Debug */,
				DACB74FF1F31A6C3008AA8C8 /* Release */,
			);
			defaultConfigurationIsVisible = 0;
			defaultConfigurationName = Release;
		};
/* End XCConfigurationList section */
	};
	rootObject = DACB74E31F31A6C3008AA8C8 /* Project object */;
}
